
Microsoft Visual Studio Solution File, Format Version 12.00
# Visual Studio Version 16
VisualStudioVersion = 16.0.31729.503
MinimumVisualStudioVersion = 10.0.40219.1
Project("{8BC9CEB8-8B4A-11D0-8D11-00A0C91BC942}") = "adventOfCode7", "adventOfCode7\adventOfCode7.vcxproj", "{AAA23A29-7368-47D9-B693-908FE5D2F053}"
EndProject
Global
	GlobalSection(SolutionConfigurationPlatforms) = preSolution
		Debug|x64 = Debug|x64
		Debug|x86 = Debug|x86
		Release|x64 = Release|x64
		Release|x86 = Release|x86
	EndGlobalSection
	GlobalSection(ProjectConfigurationPlatforms) = postSolution
		{AAA23A29-7368-47D9-B693-908FE5D2F053}.Debug|x64.ActiveCfg = Debug|x64
		{AAA23A29-7368-47D9-B693-908FE5D2F053}.Debug|x64.Build.0 = Debug|x64
		{AAA23A29-7368-47D9-B693-908FE5D2F053}.Debug|x86.ActiveCfg = Debug|Win32
		{AAA23A29-7368-47D9-B693-908FE5D2F053}.Debug|x86.Build.0 = Debug|Win32
		{AAA23A29-7368-47D9-B693-908FE5D2F053}.Release|x64.ActiveCfg = Release|x64
		{AAA23A29-7368-47D9-B693-908FE5D2F053}.Release|x64.Build.0 = Release|x64
		{AAA23A29-7368-47D9-B693-908FE5D2F053}.Release|x86.ActiveCfg = Release|Win32
		{AAA23A29-7368-47D9-B693-908FE5D2F053}.Release|x86.Build.0 = Release|Win32
	EndGlobalSection
	GlobalSection(SolutionProperties) = preSolution
		HideSolutionNode = FALSE
	EndGlobalSection
	GlobalSection(ExtensibilityGlobals) = postSolution
		SolutionGuid = {0CC25096-7AC4-4D95-AEDB-85D34906FCB0}
	EndGlobalSection
EndGlobal
