
Microsoft Visual Studio Solution File, Format Version 12.00
# Visual Studio Version 16
VisualStudioVersion = 16.0.31729.503
MinimumVisualStudioVersion = 10.0.40219.1
Project("{8BC9CEB8-8B4A-11D0-8D11-00A0C91BC942}") = "adventOfCode6", "adventOfCode6\adventOfCode6.vcxproj", "{B71028AC-42D4-4EF0-9B63-03D09A0A1AE5}"
EndProject
Global
	GlobalSection(SolutionConfigurationPlatforms) = preSolution
		Debug|x64 = Debug|x64
		Debug|x86 = Debug|x86
		Release|x64 = Release|x64
		Release|x86 = Release|x86
	EndGlobalSection
	GlobalSection(ProjectConfigurationPlatforms) = postSolution
		{B71028AC-42D4-4EF0-9B63-03D09A0A1AE5}.Debug|x64.ActiveCfg = Debug|x64
		{B71028AC-42D4-4EF0-9B63-03D09A0A1AE5}.Debug|x64.Build.0 = Debug|x64
		{B71028AC-42D4-4EF0-9B63-03D09A0A1AE5}.Debug|x86.ActiveCfg = Debug|Win32
		{B71028AC-42D4-4EF0-9B63-03D09A0A1AE5}.Debug|x86.Build.0 = Debug|Win32
		{B71028AC-42D4-4EF0-9B63-03D09A0A1AE5}.Release|x64.ActiveCfg = Release|x64
		{B71028AC-42D4-4EF0-9B63-03D09A0A1AE5}.Release|x64.Build.0 = Release|x64
		{B71028AC-42D4-4EF0-9B63-03D09A0A1AE5}.Release|x86.ActiveCfg = Release|Win32
		{B71028AC-42D4-4EF0-9B63-03D09A0A1AE5}.Release|x86.Build.0 = Release|Win32
	EndGlobalSection
	GlobalSection(SolutionProperties) = preSolution
		HideSolutionNode = FALSE
	EndGlobalSection
	GlobalSection(ExtensibilityGlobals) = postSolution
		SolutionGuid = {6AF768CF-B94A-4A04-AE3E-5973600278D3}
	EndGlobalSection
EndGlobal
